
Microsoft Visual Studio Solution File, Format Version 12.00
# Visual Studio Version 16
VisualStudioVersion = 16.0.30114.105
MinimumVisualStudioVersion = 10.0.40219.1
Project("{FAE04EC0-301F-11D3-BF4B-00C04F79EFBC}") = "LetterCombinationConsoleApp", "LetterCombinationConsoleApp\LetterCombinationConsoleApp.csproj", "{5C80CAFA-B2A9-46C4-A183-3CBDC9E46169}"
EndProject
Project("{FAE04EC0-301F-11D3-BF4B-00C04F79EFBC}") = "LetterCombinationDomain", "LetterCombinationDomain\LetterCombinationDomain.csproj", "{37F69008-5B64-43B1-8E02-88C68A1FEE9C}"
EndProject
Project("{FAE04EC0-301F-11D3-BF4B-00C04F79EFBC}") = "LetterCombinationTests", "LetterCombinationTests\LetterCombinationTests.csproj", "{51159EB8-8474-47FE-9956-D2F0748BEB6B}"
EndProject
Global
	GlobalSection(SolutionConfigurationPlatforms) = preSolution
		Debug|Any CPU = Debug|Any CPU
		Debug|x64 = Debug|x64
		Debug|x86 = Debug|x86
		Release|Any CPU = Release|Any CPU
		Release|x64 = Release|x64
		Release|x86 = Release|x86
	EndGlobalSection
	GlobalSection(SolutionProperties) = preSolution
		HideSolutionNode = FALSE
	EndGlobalSection
	GlobalSection(ProjectConfigurationPlatforms) = postSolution
		{5C80CAFA-B2A9-46C4-A183-3CBDC9E46169}.Debug|Any CPU.ActiveCfg = Debug|Any CPU
		{5C80CAFA-B2A9-46C4-A183-3CBDC9E46169}.Debug|Any CPU.Build.0 = Debug|Any CPU
		{5C80CAFA-B2A9-46C4-A183-3CBDC9E46169}.Debug|x64.ActiveCfg = Debug|Any CPU
		{5C80CAFA-B2A9-46C4-A183-3CBDC9E46169}.Debug|x64.Build.0 = Debug|Any CPU
		{5C80CAFA-B2A9-46C4-A183-3CBDC9E46169}.Debug|x86.ActiveCfg = Debug|Any CPU
		{5C80CAFA-B2A9-46C4-A183-3CBDC9E46169}.Debug|x86.Build.0 = Debug|Any CPU
		{5C80CAFA-B2A9-46C4-A183-3CBDC9E46169}.Release|Any CPU.ActiveCfg = Release|Any CPU
		{5C80CAFA-B2A9-46C4-A183-3CBDC9E46169}.Release|Any CPU.Build.0 = Release|Any CPU
		{5C80CAFA-B2A9-46C4-A183-3CBDC9E46169}.Release|x64.ActiveCfg = Release|Any CPU
		{5C80CAFA-B2A9-46C4-A183-3CBDC9E46169}.Release|x64.Build.0 = Release|Any CPU
		{5C80CAFA-B2A9-46C4-A183-3CBDC9E46169}.Release|x86.ActiveCfg = Release|Any CPU
		{5C80CAFA-B2A9-46C4-A183-3CBDC9E46169}.Release|x86.Build.0 = Release|Any CPU
		{37F69008-5B64-43B1-8E02-88C68A1FEE9C}.Debug|Any CPU.ActiveCfg = Debug|Any CPU
		{37F69008-5B64-43B1-8E02-88C68A1FEE9C}.Debug|Any CPU.Build.0 = Debug|Any CPU
		{37F69008-5B64-43B1-8E02-88C68A1FEE9C}.Debug|x64.ActiveCfg = Debug|Any CPU
		{37F69008-5B64-43B1-8E02-88C68A1FEE9C}.Debug|x64.Build.0 = Debug|Any CPU
		{37F69008-5B64-43B1-8E02-88C68A1FEE9C}.Debug|x86.ActiveCfg = Debug|Any CPU
		{37F69008-5B64-43B1-8E02-88C68A1FEE9C}.Debug|x86.Build.0 = Debug|Any CPU
		{37F69008-5B64-43B1-8E02-88C68A1FEE9C}.Release|Any CPU.ActiveCfg = Release|Any CPU
		{37F69008-5B64-43B1-8E02-88C68A1FEE9C}.Release|Any CPU.Build.0 = Release|Any CPU
		{37F69008-5B64-43B1-8E02-88C68A1FEE9C}.Release|x64.ActiveCfg = Release|Any CPU
		{37F69008-5B64-43B1-8E02-88C68A1FEE9C}.Release|x64.Build.0 = Release|Any CPU
		{37F69008-5B64-43B1-8E02-88C68A1FEE9C}.Release|x86.ActiveCfg = Release|Any CPU
		{37F69008-5B64-43B1-8E02-88C68A1FEE9C}.Release|x86.Build.0 = Release|Any CPU
		{51159EB8-8474-47FE-9956-D2F0748BEB6B}.Debug|Any CPU.ActiveCfg = Debug|Any CPU
		{51159EB8-8474-47FE-9956-D2F0748BEB6B}.Debug|Any CPU.Build.0 = Debug|Any CPU
		{51159EB8-8474-47FE-9956-D2F0748BEB6B}.Debug|x64.ActiveCfg = Debug|Any CPU
		{51159EB8-8474-47FE-9956-D2F0748BEB6B}.Debug|x64.Build.0 = Debug|Any CPU
		{51159EB8-8474-47FE-9956-D2F0748BEB6B}.Debug|x86.ActiveCfg = Debug|Any CPU
		{51159EB8-8474-47FE-9956-D2F0748BEB6B}.Debug|x86.Build.0 = Debug|Any CPU
		{51159EB8-8474-47FE-9956-D2F0748BEB6B}.Release|Any CPU.ActiveCfg = Release|Any CPU
		{51159EB8-8474-47FE-9956-D2F0748BEB6B}.Release|Any CPU.Build.0 = Release|Any CPU
		{51159EB8-8474-47FE-9956-D2F0748BEB6B}.Release|x64.ActiveCfg = Release|Any CPU
		{51159EB8-8474-47FE-9956-D2F0748BEB6B}.Release|x64.Build.0 = Release|Any CPU
		{51159EB8-8474-47FE-9956-D2F0748BEB6B}.Release|x86.ActiveCfg = Release|Any CPU
		{51159EB8-8474-47FE-9956-D2F0748BEB6B}.Release|x86.Build.0 = Release|Any CPU
	EndGlobalSection
EndGlobal
